github.com/anchore/go-lzo v0.1.1 h1:IwL/fvkdtlIrYIXck6WxZ3nb8WjjHziYYmGxlooyOnM=
github.com/anchore/go-lzo v0.1.1/go.mod h1:3kLx0bve2oN1iDwgM1U5zGku1Tfbdb0No5qp1eL1fIk=
github.com/cpuguy83/go-md2man/v2 v2.0.6/go.mod h1:oOW0eioCTA6cOiMLiUPZOpcVxMig6NIQQ7OS05n1F4g=
github.com/go-bootloaders/grub v0.0.0-20261009223241-7979d2417375 h1:msHqcWWLVCZ34xOO92aL3BW+lx/XqLt2rKL5FmU/3sk=
github.com/go-bootloaders/grub v0.0.0-20261009223241-7979d2417375/go.mod h1:wM0CZyYlDBbHFc/GHk7GZmTjWMOOscZUHUbY1AkOIxM=
github.com/go-compressions/adc v0.1.0 h1:+4W5XL0JbDAuuD3YcbAnMRtyQM35kK9pGAAzELe+tm4=
github.com/go-compressions/adc v0.1.0/go.mod h1:kPyMMlq7usBJh/vfGw8Z0cR852+dqZYYvBM6lpX4og0=
github.com/go-compressions/lzfse v0.4.1 h1:Bbh4ypKEKF1whNEUvHlelYs7q4nAhTUQwE48CZoXnF0=
github.com/go-compressions/lzfse v0.4.1/go.mod h1:gC6f2ks/Hqf/1NUL2n1UCNr05HY0quziSzbKO/+yLow=
github.com/go-diskimages/dmg v0.5.0 h1:yRS7D0H6zqRWDQQYFTvNN26Oxt+GZqZo8xDikYTBmmI=
github.com/go-diskimages/dmg v0.5.0/go.mod h1:fnEmvUsMazEvxuHqF9hzLtTrvJ6BIQLgNrhNL1GRFNw=
github.com/go-diskimages/qcow2 v0.3.0 h1:qV2PVIyB4hstznP83b7Wf4Br4KjRdzZdA5rYjIh/Tj8=
github.com/go-diskimages/qcow2 v0.3.0/go.mod h1:qscQzV1fh2PlUzWrdoEEhzbYHgCSK34vevk/kjy4JKM=
github.com/go-encryptions/ccm v0.0.0-20260927083542-1713f748107c h1:0f8ZiVPXxyHgusuL+1gntuusu5Z9inR35TR5tkrB/IA=
github.com/go-encryptions/ccm v0.0.0-20260927083542-1713f748107c/go.mod h1:mdMMBlXE6sF9mCc1ryuifermVqwjHIOJPW0ZYVbYMMo=
github.com/go-encryptions/xts v0.0.0-20261004234803-c570e92cfa9e h1:oZ3S0qTDPDFJCIrojiDKptVE9arpL1I3OnorqN+MpZQ=
github.com/go-encryptions/xts v0.0.0-20261004234803-c570e92cfa9e/go.mod h1:Ih1Wja84KCfK9hCIWucnjjE3h3kvJ/O3+WDPSiIwCKQ=
github.com/go-encryptions/zfscrypt v0.0.0-20260927173133-ff7dd33bb415 h1:3YjE759baK+ZvLMC0121vmjzVNttWw2uvMa83y/QqLk=
github.com/go-encryptions/zfscrypt v0.0.0-20260927173133-ff7dd33bb415/go.mod h1:rQEW3VMOGSV0fbGRarHNC8z+MYNa50PRIkcBP4HZBIU=
github.com/go-fde/apfs v0.0.0-20261006193148-936c990cb750 h1:JxmOi09xM0Z4cKl/nrLaduak+VQ4c7Or7z/DDW9j2UY=
github.com/go-fde/apfs v0.0.0-20261006193148-936c990cb750/go.mod h1:QyxSc03hgkw0JpzFn2GNOPeG3rig/hlFvrasGJ9TFpQ=
github.com/go-fde/clear v0.0.0-20261004231617-2c4bffc0effb h1:ZHAPb+dm+5d2I47lyVSYyQcS/oHzRSUbcBjXtSU2nOo=
github.com/go-fde/clear v0.0.0-20261004231617-2c4bffc0effb/go.mod h1:jA5QlXxLktc+f9ZhmzKP6kyPIK+v6yKJfpcOxkFdCEM=
github.com/go-fde/fde v0.0.0-20261008195618-47d9e5c4a1d7 h1:jSEE7oww62xaUvwmWI3+hUPq8i4QBGEtfyq7o2L3YAM=
github.com/go-fde/fde v0.0.0-20261008195618-47d9e5c4a1d7/go.mod h1:tgy4Mqwxk8AaljS/V/ddCUesMhw7MmGh2XLt5KQ+FD8=
github.com/go-fde/luks v0.0.0-20261006193307-e67e40264164 h1:Wo3/aFWMosLSyTCELNMt+MLy3OHSdMkaTYYW+cBhJ0Q=
github.com/go-fde/luks v0.0.0-20261006193307-e67e40264164/go.mod h1:0DUYmD+j20/OPdBRuijAQYUjqY9SF7f87eARCcgpfRQ=
github.com/go-filesystems/apfs v0.3.0 h1:MTqP1ySQUTey+iGeef5jMDskeYGEulrcfiGkf+EANEg=
github.com/go-filesystems/apfs v0.3.0/go.mod h1:gorM58ygw0HM49270Csu5yziNBIyELbE9AgEWh1xDws=
github.com/go-filesystems/btrfs v0.3.0 h1:nmv8L7RgqTyn9wwLFTECkA3zYePptySl4f5fu5NmWHU=
github.com/go-filesystems/btrfs v0.3.0/go.mod h1:785mjTMXC5hPVXaTID8eKU7rshNTfSaf3fw8RAAWt2U=
github.com/go-filesystems/detect v0.3.0 h1:2jAOWY5zxubdxGuTnD6jJTW5MW/ZxrSx2irQaGt25Yo=
github.com/go-filesystems/detect v0.3.0/go.mod h1:8477elE6njf50UPFu5UY/OcpBRtdO89Zzfee6omT3qA=
github.com/go-filesystems/exfat v0.4.0 h1:GZbQ15MI6XEkm3sY/xgSjjHIQ9Tj4SHrzLXGLnjpKwQ=
github.com/go-filesystems/exfat v0.4.0/go.mod h1:UZwq+9a82Kykb73ssRMlw45gsSTESW4bXOcHnJ7AxG8=
github.com/go-filesystems/ext4 v0.3.0 h1:VOb/mm9zAwtE/u2goyHmreOSx4LVEsyNideYFOknf1w=
github.com/go-filesystems/ext4 v0.3.0/go.mod h1:1yHSrEW9jDX//E0P/oqz8PLKW1qPnff0puuPUY2omDM=
github.com/go-filesystems/fat32 v0.5.0 h1:/BfabQ3IejcIQljlUWwSlqeGIwxRPI2o1lb+p4yHpOg=
github.com/go-filesystems/fat32 v0.5.0/go.mod h1:87Sm1Nx+BUVPfjyFwwQ4dr11r5+kbeG9Umc7XlKDJiE=
github.com/go-filesystems/hfsplus v0.4.0 h1:kjHa+vyNxwC57O+ht1SdR9W6TjzJlEhb3HGNb8els6U=
github.com/go-filesystems/hfsplus v0.4.0/go.mod h1:L1VH0uLx4WWbeyoSHXGUS8/gqi5FqI8s2u8UIK0FoV8=
github.com/go-filesystems/interface v0.5.0 h1:AsbSXYG5cp497Ki0Ez88s8wwrVEmeRmFLd40T4d3UwA=
github.com/go-filesystems/interface v0.5.0/go.mod h1:u9v8mvapNV8djzObwCECdyd2g6JBU6HNTR4EAqxOn6U=
github.com/go-filesystems/ntfs v0.2.0 h1:LdjflZ2wL3ZycjtwGERWIPMfuCyz+dauP89mBergJkw=
github.com/go-filesystems/ntfs v0.2.0/go.mod h1:rudqagidYsgOYzXbyuNuCo2aWbPwE7x46PSvUupil/w=
github.com/go-filesystems/uefi v0.3.0 h1:R6Njr/2D5LbSqSpQplTs2mErRQsx8YQhaUHkB+5H/80=
github.com/go-filesystems/uefi v0.3.0/go.mod h1:amDXEO4IU17Me1DAcURgXEqL2JcXE1UqE0baZE4cx8k=
github.com/go-filesystems/xfs v0.3.0 h1:DvtVxO2aTJ27g1Mt7SqCxANbJOU2PfDl4TrDxG+Ai5s=
github.com/go-filesystems/xfs v0.3.0/go.mod h1:w+BZC6L34qdD+eI3zEytwwG0nUNCayUwTaionVhH6gU=
github.com/go-filesystems/zfs v0.3.0 h1:4gzU6pjdmcqcX3Y/yJttPcxNCU6+gqMK8Z6qHnXOxJE=
github.com/go-filesystems/zfs v0.3.0/go.mod h1:g+Tbg6HPNJg72vzv790w0Ad5yOLuABw1vnxVZZQ9+gE=
github.com/go-tpm2/common v0.1.0 h1:VVxswlksVMyCKE9Ra0k1m8l22YSmCk2je8KGiwtY9bs=
github.com/go-tpm2/common v0.1.0/go.mod h1:YAn0c2kmze7OPO4Myn9FaEk/c+EayBap0dj7rnROcHs=
github.com/go-tpm2/efitcg2 v0.4.0 h1:xDHhOX0ZWxUpyiQ+RWDgVc4vleufwMFaVAxtg2oBNJk=
github.com/go-tpm2/efitcg2 v0.4.0/go.mod h1:1ccADs6NCDqAjIek0z0QVPJ9ODnIft8R7qFS97Suee0=
github.com/go-volumes/gpt v0.3.0 h1:ZA33VVlmlkA47fFY+BkFylsufqq1TBoASIuBmri+xsw=
github.com/go-volumes/gpt v0.3.0/go.mod h1:Dha6JL5/mGyDai8tWvZOPYn6pqe75NOtMRYGm3N4Qv8=
github.com/go-volumes/safeio v0.0.0-20260831125406-d8f54b2890d4 h1:RKO58FmZvbvKh6wf+7Y8gohGJ0/2hq4N8L+x2kT9bak=
github.com/go-volumes/safeio v0.0.0-20260831125406-d8f54b2890d4/go.mod h1:QQdGwEUmPSdzD+OPq+ZcKso9ljssqgBXNk0/9z7moho=
github.com/inconshreveable/mousetrap v1.1.0 h1:wN+x4NVGpMsO7ErUn/mUI3vEoE6Jt13X2s0bqwp9tc8=
github.com/inconshreveable/mousetrap v1.1.0/go.mod h1:vpF70FUmC8bwa3OWnCshd2FqLfsEA9PFc4w1p2J65bw=
github.com/klauspost/compress v1.20.1 h1:T7kKElXUMXrUJ2E9QhQhxFtcK5rPyLdsGZvdbLMPdiQ=
github.com/klauspost/compress v1.20.1/go.mod h1:LUdAzn7YLVvxLpc7y3V1m40wESHTgc1422pwwBSKYuI=
github.com/russross/blackfriday/v2 v2.1.0/go.mod h1:+Rmxgy9KzJVeS9/2gXHxylqXiyQDYRxCVz55jmeOWTM=
github.com/spf13/cobra v1.10.2 h1:DMTTonx5m65Ic0GOoRY2c16WCbHxOOw6xxezuLaBpcU=
github.com/spf13/cobra v1.10.2/go.mod h1:7C1pvHqHw5A4vrJfjNwvOdzYu0Gml16OCs2GRiTUUS4=
github.com/spf13/pflag v1.0.9 h1:9exaQaMOCwffKiiiYk6/BndUBv+iRViNW+4lEMi0PvY=
github.com/spf13/pflag v1.0.9/go.mod h1:McXfInJRrz4CZXVZOBLb0bTZqETkiAhM9Iw0y3An2Bg=
go.yaml.in/yaml/v3 v3.0.4/go.mod h1:DhzuOOF2ATzADvBadXxruRBLzYTpT36CKvDb3+aBEFg=
golang.org/x/crypto v0.58.0 h1:COkYLr4k7nDI4r6QtMML2AfzeIswWHAJthLS6K/M/54=
golang.org/x/crypto v0.58.0/go.mod h1:Xh+kl5A+M0gMiWDytH2Hhr5Z7WbNCpv/eB/EFgfSk+w=
golang.org/x/sys v0.49.0 h1:XbzkgYJHdqh/8m2Uu0W/dQv8nktxx4BFHp1M0gROTXA=
golang.org/x/sys v0.49.0/go.mod h1:hNLxWAXmnKAxqDtdwIYC4bM9oQPEecfsnNMuSxOs3og=
gopkg.in/check.v1 v0.0.0-20161208181325-20d25e280405/go.mod h1:Co6ibVJAznAaIkqp8huTwlJQCZ016jof/cbN4VW5Yz0=
