github.com/anchore/go-lzo v0.1.1 h1:IwL/fvkdtlIrYIXck6WxZ3nb8WjjHziYYmGxlooyOnM=
github.com/anchore/go-lzo v0.1.1/go.mod h1:3kLx0bve2oN1iDwgM1U5zGku1Tfbdb0No5qp1eL1fIk=
github.com/cpuguy83/go-md2man/v2 v2.0.6/go.mod h1:oOW0eioCTA6cOiMLiUPZOpcVxMig6NIQQ7OS05n1F4g=
github.com/go-bootloaders/grub v0.0.0-20261004230249-46cea86c36be h1:7LJoEYqd605lDQkeGsrGuoJi/k7JCjw0SEPgGQOQKBI=
github.com/go-bootloaders/grub v0.0.0-20261004230249-46cea86c36be/go.mod h1:2gPyxG1i79ZiKa2QlGKmnDslAW01bavv7TvCrJWeqko=
github.com/go-compressions/adc v0.1.0 h1:+4W5XL0JbDAuuD3YcbAnMRtyQM35kK9pGAAzELe+tm4=
github.com/go-compressions/adc v0.1.0/go.mod h1:kPyMMlq7usBJh/vfGw8Z0cR852+dqZYYvBM6lpX4og0=
github.com/go-compressions/lzfse v0.4.1 h1:Bbh4ypKEKF1whNEUvHlelYs7q4nAhTUQwE48CZoXnF0=
github.com/go-compressions/lzfse v0.4.1/go.mod h1:gC6f2ks/Hqf/1NUL2n1UCNr05HY0quziSzbKO/+yLow=
github.com/go-diskimages/dmg v0.5.0 h1:yRS7D0H6zqRWDQQYFTvNN26Oxt+GZqZo8xDikYTBmmI=
github.com/go-diskimages/dmg v0.5.0/go.mod h1:fnEmvUsMazEvxuHqF9hzLtTrvJ6BIQLgNrhNL1GRFNw=
github.com/go-diskimages/qcow2 v0.3.0 h1:qV2PVIyB4hstznP83b7Wf4Br4KjRdzZdA5rYjIh/Tj8=
github.com/go-diskimages/qcow2 v0.3.0/go.mod h1:qscQzV1fh2PlUzWrdoEEhzbYHgCSK34vevk/kjy4JKM=
github.com/go-encryptions/ccm v0.0.0-20260927083542-1713f748107c h1:0f8ZiVPXxyHgusuL+1gntuusu5Z9inR35TR5tkrB/IA=
github.com/go-encryptions/ccm v0.0.0-20260927083542-1713f748107c/go.mod h1:mdMMBlXE6sF9mCc1ryuifermVqwjHIOJPW0ZYVbYMMo=
github.com/go-encryptions/xts v0.0.0-20260911133109-312298263872 h1:jBKiKLifRmgS0a6bQ+j3Fa9rZInUjjg6UpzsVJD0LkU=
github.com/go-encryptions/xts v0.0.0-20260911133109-312298263872/go.mod h1:RyAKGhEQaOsPSFLfKei/ouIPSxODN5so4PSa0SviRjI=
github.com/go-encryptions/zfscrypt v0.0.0-20260927173133-ff7dd33bb415 h1:3YjE759baK+ZvLMC0121vmjzVNttWw2uvMa83y/QqLk=
github.com/go-encryptions/zfscrypt v0.0.0-20260927173133-ff7dd33bb415/go.mod h1:rQEW3VMOGSV0fbGRarHNC8z+MYNa50PRIkcBP4HZBIU=
github.com/go-fde/apfs v0.0.0-20261004230325-93cda1569432 h1:KZX1YK9ji+jPwLzb1XY4q3ackCtUP7jeeji62EV+2EI=
github.com/go-fde/apfs v0.0.0-20261004230325-93cda1569432/go.mod h1:LkgAsHb0NFbelUrMpN0UXfnkKJlpD88HGDFWjqGiTic=
github.com/go-fde/clear v0.0.0-20260830121017-65feb652d923 h1:EWfgd1d0Lucwamk9sDe5q89z88ImBNJvtCFxqO4iod0=
github.com/go-fde/clear v0.0.0-20260830121017-65feb652d923/go.mod h1:Io03ZU+0QyLJ3joiQH8H0enxU1DOBoKsptfKGZGlv34=
github.com/go-fde/fde v0.0.0-20261004234840-1b037fafed23 h1:VF8noJvBW+G2kcgaSsYLECkxzdAG/6XV2t7FmF03cmM=
github.com/go-fde/fde v0.0.0-20261004234840-1b037fafed23/go.mod h1:dhsUhqP4TQyEkW2RYYiwdHYFv0kJwsbvFEBAZJ3UjMk=
github.com/go-fde/luks v0.0.0-20260921110756-e50dea9f73fb h1:tJlj5+utzVg5TIBsjTq9PfsYiJJFgvHQEvLoEvBmTqo=
github.com/go-fde/luks v0.0.0-20260921110756-e50dea9f73fb/go.mod h1:YPirWRCIKZ28EJ3I4VDaMyjbSTrms7bV44AiBq5Zzx0=
github.com/go-filesystems/apfs v0.3.0 h1:MTqP1ySQUTey+iGeef5jMDskeYGEulrcfiGkf+EANEg=
github.com/go-filesystems/apfs v0.3.0/go.mod h1:gorM58ygw0HM49270Csu5yziNBIyELbE9AgEWh1xDws=
github.com/go-filesystems/btrfs v0.3.0 h1:nmv8L7RgqTyn9wwLFTECkA3zYePptySl4f5fu5NmWHU=
github.com/go-filesystems/btrfs v0.3.0/go.mod h1:785mjTMXC5hPVXaTID8eKU7rshNTfSaf3fw8RAAWt2U=
github.com/go-filesystems/detect v0.1.0 h1:DCiR5lLKFJ/kon8wKs1ueG1hX27wJaIHqym+Ai0Y/pU=
github.com/go-filesystems/detect v0.1.0/go.mod h1:OCGE1O8l2Z41PODXWkuJOin83ooqHWh439jSpOGWb/Q=
github.com/go-filesystems/exfat v0.4.0 h1:GZbQ15MI6XEkm3sY/xgSjjHIQ9Tj4SHrzLXGLnjpKwQ=
github.com/go-filesystems/exfat v0.4.0/go.mod h1:UZwq+9a82Kykb73ssRMlw45gsSTESW4bXOcHnJ7AxG8=
github.com/go-filesystems/ext4 v0.3.0 h1:VOb/mm9zAwtE/u2goyHmreOSx4LVEsyNideYFOknf1w=
github.com/go-filesystems/ext4 v0.3.0/go.mod h1:1yHSrEW9jDX//E0P/oqz8PLKW1qPnff0puuPUY2omDM=
github.com/go-filesystems/fat32 v0.5.0 h1:/BfabQ3IejcIQljlUWwSlqeGIwxRPI2o1lb+p4yHpOg=
github.com/go-filesystems/fat32 v0.5.0/go.mod h1:87Sm1Nx+BUVPfjyFwwQ4dr11r5+kbeG9Umc7XlKDJiE=
github.com/go-filesystems/hfsplus v0.4.0 h1:kjHa+vyNxwC57O+ht1SdR9W6TjzJlEhb3HGNb8els6U=
github.com/go-filesystems/hfsplus v0.4.0/go.mod h1:L1VH0uLx4WWbeyoSHXGUS8/gqi5FqI8s2u8UIK0FoV8=
github.com/go-filesystems/interface v0.4.0 h1:JAekS0P8ocsFy8knnIZvkKJiifgRw3RKACkL3MQmBd4=
github.com/go-filesystems/interface v0.4.0/go.mod h1:u9v8mvapNV8djzObwCECdyd2g6JBU6HNTR4EAqxOn6U=
github.com/go-filesystems/ntfs v0.2.0 h1:LdjflZ2wL3ZycjtwGERWIPMfuCyz+dauP89mBergJkw=
github.com/go-filesystems/ntfs v0.2.0/go.mod h1:rudqagidYsgOYzXbyuNuCo2aWbPwE7x46PSvUupil/w=
github.com/go-filesystems/uefi v0.3.0 h1:R6Njr/2D5LbSqSpQplTs2mErRQsx8YQhaUHkB+5H/80=
github.com/go-filesystems/uefi v0.3.0/go.mod h1:amDXEO4IU17Me1DAcURgXEqL2JcXE1UqE0baZE4cx8k=
github.com/go-filesystems/xfs v0.3.0 h1:DvtVxO2aTJ27g1Mt7SqCxANbJOU2PfDl4TrDxG+Ai5s=
github.com/go-filesystems/xfs v0.3.0/go.mod h1:w+BZC6L34qdD+eI3zEytwwG0nUNCayUwTaionVhH6gU=
github.com/go-filesystems/zfs v0.3.0 h1:4gzU6pjdmcqcX3Y/yJttPcxNCU6+gqMK8Z6qHnXOxJE=
github.com/go-filesystems/zfs v0.3.0/go.mod h1:g+Tbg6HPNJg72vzv790w0Ad5yOLuABw1vnxVZZQ9+gE=
github.com/go-tpm2/common v0.1.0 h1:VVxswlksVMyCKE9Ra0k1m8l22YSmCk2je8KGiwtY9bs=
github.com/go-tpm2/common v0.1.0/go.mod h1:YAn0c2kmze7OPO4Myn9FaEk/c+EayBap0dj7rnROcHs=
github.com/go-tpm2/efitcg2 v0.2.0 h1:cfGEXybx2Y0f8awn9Z062lIuLB68BxS1W8yZXX9V/RE=
github.com/go-tpm2/efitcg2 v0.2.0/go.mod h1:5hOsxSZG8tElD5fx7T/ZhyVtXe5pKk0emZY9IlZw0uk=
github.com/go-volumes/gpt v0.2.0 h1:9qLfeS9pcyXbowgRJr0mf07u0IX9XzqYQW1UHK2X/qo=
github.com/go-volumes/gpt v0.2.0/go.mod h1:eBAzPkLd8zHkg3WiYGk70M4g6PYY8S5K4JP+kEMs0mw=
github.com/go-volumes/safeio v0.0.0-20260831125406-d8f54b2890d4 h1:RKO58FmZvbvKh6wf+7Y8gohGJ0/2hq4N8L+x2kT9bak=
github.com/go-volumes/safeio v0.0.0-20260831125406-d8f54b2890d4/go.mod h1:QQdGwEUmPSdzD+OPq+ZcKso9ljssqgBXNk0/9z7moho=
github.com/inconshreveable/mousetrap v1.1.0 h1:wN+x4NVGpMsO7ErUn/mUI3vEoE6Jt13X2s0bqwp9tc8=
github.com/inconshreveable/mousetrap v1.1.0/go.mod h1:vpF70FUmC8bwa3OWnCshd2FqLfsEA9PFc4w1p2J65bw=
github.com/klauspost/compress v1.20.1 h1:T7kKElXUMXrUJ2E9QhQhxFtcK5rPyLdsGZvdbLMPdiQ=
github.com/klauspost/compress v1.20.1/go.mod h1:LUdAzn7YLVvxLpc7y3V1m40wESHTgc1422pwwBSKYuI=
github.com/russross/blackfriday/v2 v2.1.0/go.mod h1:+Rmxgy9KzJVeS9/2gXHxylqXiyQDYRxCVz55jmeOWTM=
github.com/spf13/cobra v1.10.2 h1:DMTTonx5m65Ic0GOoRY2c16WCbHxOOw6xxezuLaBpcU=
github.com/spf13/cobra v1.10.2/go.mod h1:7C1pvHqHw5A4vrJfjNwvOdzYu0Gml16OCs2GRiTUUS4=
github.com/spf13/pflag v1.0.9 h1:9exaQaMOCwffKiiiYk6/BndUBv+iRViNW+4lEMi0PvY=
github.com/spf13/pflag v1.0.9/go.mod h1:McXfInJRrz4CZXVZOBLb0bTZqETkiAhM9Iw0y3An2Bg=
go.yaml.in/yaml/v3 v3.0.4/go.mod h1:DhzuOOF2ATzADvBadXxruRBLzYTpT36CKvDb3+aBEFg=
golang.org/x/crypto v0.57.0 h1:3ZVCjf8Ggz7zneR/EHRVx68Ctf+2pmIMP2UFhh9cC6M=
golang.org/x/crypto v0.57.0/go.mod h1:Fdz0i5U6CoizGwLda9DttjSk6qlZo25zYNtR+ycvuZA=
golang.org/x/sys v0.48.0 h1:bbX/i/6MgT9BVLM9RT1thmxL04yeTAhbEz4SyadbXoo=
golang.org/x/sys v0.48.0/go.mod h1:hNLxWAXmnKAxqDtdwIYC4bM9oQPEecfsnNMuSxOs3og=
gopkg.in/check.v1 v0.0.0-20161208181325-20d25e280405/go.mod h1:Co6ibVJAznAaIkqp8huTwlJQCZ016jof/cbN4VW5Yz0=
